
Microsoft Visual Studio Solution File, Format Version 12.00
# Visual Studio 15
VisualStudioVersion = 15.0.27004.2005
MinimumVisualStudioVersion = 10.0.40219.1
Project("{FAE04EC0-301F-11D3-BF4B-00C04F79EFBC}") = "PlusAngular", "PlusAngular\PlusAngular.csproj", "{AE8603BC-446C-4F8E-8ABE-14A612DFC74A}"
EndProject
Global
	GlobalSection(SolutionConfigurationPlatforms) = preSolution
		Debug|Any CPU = Debug|Any CPU
		Release|Any CPU = Release|Any CPU
	EndGlobalSection
	GlobalSection(ProjectConfigurationPlatforms) = postSolution
		{AE8603BC-446C-4F8E-8ABE-14A612DFC74A}.Debug|Any CPU.ActiveCfg = Debug|Any CPU
		{AE8603BC-446C-4F8E-8ABE-14A612DFC74A}.Debug|Any CPU.Build.0 = Debug|Any CPU
		{AE8603BC-446C-4F8E-8ABE-14A612DFC74A}.Release|Any CPU.ActiveCfg = Release|Any CPU
		{AE8603BC-446C-4F8E-8ABE-14A612DFC74A}.Release|Any CPU.Build.0 = Release|Any CPU
	EndGlobalSection
	GlobalSection(SolutionProperties) = preSolution
		HideSolutionNode = FALSE
	EndGlobalSection
	GlobalSection(ExtensibilityGlobals) = postSolution
		SolutionGuid = {8E92F826-1795-47FF-B5A9-7D1BFD918310}
	EndGlobalSection
EndGlobal
